
Microsoft Visual Studio Solution File, Format Version 12.00
# Visual Studio Version 16
VisualStudioVersion = 16.0.31424.327
MinimumVisualStudioVersion = 10.0.40219.1
Project("{FAE04EC0-301F-11D3-BF4B-00C04F79EFBC}") = "UnitTestProject1", "UnitTestProject1\UnitTestProject1.csproj", "{CCE39608-3915-4162-A096-0039AC298524}"
EndProject
Global
	GlobalSection(SolutionConfigurationPlatforms) = preSolution
		Debug|Any CPU = Debug|Any CPU
		Release|Any CPU = Release|Any CPU
	EndGlobalSection
	GlobalSection(ProjectConfigurationPlatforms) = postSolution
		{CCE39608-3915-4162-A096-0039AC298524}.Debug|Any CPU.ActiveCfg = Debug|Any CPU
		{CCE39608-3915-4162-A096-0039AC298524}.Debug|Any CPU.Build.0 = Debug|Any CPU
		{CCE39608-3915-4162-A096-0039AC298524}.Release|Any CPU.ActiveCfg = Release|Any CPU
		{CCE39608-3915-4162-A096-0039AC298524}.Release|Any CPU.Build.0 = Release|Any CPU
	EndGlobalSection
	GlobalSection(SolutionProperties) = preSolution
		HideSolutionNode = FALSE
	EndGlobalSection
	GlobalSection(ExtensibilityGlobals) = postSolution
		SolutionGuid = {147049C6-87B1-47BE-AB0B-5D778B670D20}
	EndGlobalSection
EndGlobal
